// !$*UTF8*$!
{
	archiveVersion = 1;
	classes = {
	};
	objectVersion = 46;
	objects = {

/* Begin PBXBuildFile section */
		509AE7C665C3E0695941C410 /* Pods_whale_ios_nabilTests.framework in Frameworks */ = {isa = PBXBuildFile; fileRef = 886220890DEF88DFC91329A4 /* Pods_whale_ios_nabilTests.framework */; };
		BD19D2C61E9AB632008B2AE8 /* VideoController.swift in Sources */ = {isa = PBXBuildFile; fileRef = BD19D2C51E9AB632008B2AE8 /* VideoController.swift */; };
		BD19D2CE1E9AE070008B2AE8 /* CommentView.swift in Sources */ = {isa = PBXBuildFile; fileRef = BD19D2CD1E9AE070008B2AE8 /* CommentView.swift */; };
		BD19D2D01E9AE4C8008B2AE8 /* CommentCell.xib in Resources */ = {isa = PBXBuildFile; fileRef = BD19D2CF1E9AE4C8008B2AE8 /* CommentCell.xib */; };
		BD19D2D21E9AE656008B2AE8 /* CommentCell.swift in Sources */ = {isa = PBXBuildFile; fileRef = BD19D2D11E9AE656008B2AE8 /* CommentCell.swift */; };
		BD19D2D41E9AE983008B2AE8 /* CommentCollectionController.swift in Sources */ = {isa = PBXBuildFile; fileRef = BD19D2D31E9AE983008B2AE8 /* CommentCollectionController.swift */; };
		BD19D2D61E9E93FE008B2AE8 /* QuestionCollectionController.swift in Sources */ = {isa = PBXBuildFile; fileRef = BD19D2D51E9E93FE008B2AE8 /* QuestionCollectionController.swift */; };
		BD19D2D81E9E956E008B2AE8 /* QuestionCell.swift in Sources */ = {isa = PBXBuildFile; fileRef = BD19D2D71E9E956E008B2AE8 /* QuestionCell.swift */; };
		BD19D2DA1E9E9978008B2AE8 /* QuestionCell.xib in Resources */ = {isa = PBXBuildFile; fileRef = BD19D2D91E9E9978008B2AE8 /* QuestionCell.xib */; };
		BD454C9D1E97FD8C008CF14C /* Comment.swift in Sources */ = {isa = PBXBuildFile; fileRef = BD454C9C1E97FD8C008CF14C /* Comment.swift */; };
		BD5650B41E8B65B400989D35 /* whale_ios_nabilTests.swift in Sources */ = {isa = PBXBuildFile; fileRef = BD5650B31E8B65B400989D35 /* whale_ios_nabilTests.swift */; };
		BD5650BB1E8B8E6600989D35 /* Service.swift in Sources */ = {isa = PBXBuildFile; fileRef = BD588FF51E82F77D00575B32 /* Service.swift */; };
		BD5650BC1E8B8E7300989D35 /* Networking.swift in Sources */ = {isa = PBXBuildFile; fileRef = BD8C36531E82E1AF00A8235C /* Networking.swift */; };
		BD5650BD1E8B8E7C00989D35 /* User.swift in Sources */ = {isa = PBXBuildFile; fileRef = BD588FF71E83773000575B32 /* User.swift */; };
		BD5650BE1E8B8E7F00989D35 /* Question.swift in Sources */ = {isa = PBXBuildFile; fileRef = BDF101221E85D07F00499EF4 /* Question.swift */; };
		BD5650BF1E8B8E8200989D35 /* Answer.swift in Sources */ = {isa = PBXBuildFile; fileRef = BDDFC14D1E80509C00BA43D9 /* Answer.swift */; };
		BD5650C11E8C1E0A00989D35 /* SignUpController.swift in Sources */ = {isa = PBXBuildFile; fileRef = BD5650C01E8C1E0A00989D35 /* SignUpController.swift */; };
		BD5650C21E8C359F00989D35 /* Keys.swift in Sources */ = {isa = PBXBuildFile; fileRef = BDF101201E8594F000499EF4 /* Keys.swift */; };
		BD5650C31E8C375700989D35 /* Constants.swift in Sources */ = {isa = PBXBuildFile; fileRef = BD588FF31E82EAE800575B32 /* Constants.swift */; };
		BD5650C41E8C377E00989D35 /* Protocols.swift in Sources */ = {isa = PBXBuildFile; fileRef = BDFB65F01E88A2BC00A676C3 /* Protocols.swift */; };
		BD5650C61E8D880D00989D35 /* AnswerCell.swift in Sources */ = {isa = PBXBuildFile; fileRef = BD5650C51E8D880D00989D35 /* AnswerCell.swift */; };
		BD588FF41E82EAE800575B32 /* Constants.swift in Sources */ = {isa = PBXBuildFile; fileRef = BD588FF31E82EAE800575B32 /* Constants.swift */; };
		BD588FF61E82F77D00575B32 /* Service.swift in Sources */ = {isa = PBXBuildFile; fileRef = BD588FF51E82F77D00575B32 /* Service.swift */; };
		BD588FF81E83773000575B32 /* User.swift in Sources */ = {isa = PBXBuildFile; fileRef = BD588FF71E83773000575B32 /* User.swift */; };
		BD8C36541E82E1AF00A8235C /* Networking.swift in Sources */ = {isa = PBXBuildFile; fileRef = BD8C36531E82E1AF00A8235C /* Networking.swift */; };
		BDCB16C11E92C945006EA7C7 /* VideoView.swift in Sources */ = {isa = PBXBuildFile; fileRef = BDCB16C01E92C945006EA7C7 /* VideoView.swift */; };
		BDDFC1361E8047A000BA43D9 /* AppDelegate.swift in Sources */ = {isa = PBXBuildFile; fileRef = BDDFC1351E8047A000BA43D9 /* AppDelegate.swift */; };
		BDDFC1381E8047A000BA43D9 /* LoginController.swift in Sources */ = {isa = PBXBuildFile; fileRef = BDDFC1371E8047A000BA43D9 /* LoginController.swift */; };
		BDDFC13B1E8047A000BA43D9 /* Main.storyboard in Resources */ = {isa = PBXBuildFile; fileRef = BDDFC1391E8047A000BA43D9 /* Main.storyboard */; };
		BDDFC13D1E8047A000BA43D9 /* Assets.xcassets in Resources */ = {isa = PBXBuildFile; fileRef = BDDFC13C1E8047A000BA43D9 /* Assets.xcassets */; };
		BDDFC1401E8047A000BA43D9 /* LaunchScreen.storyboard in Resources */ = {isa = PBXBuildFile; fileRef = BDDFC13E1E8047A000BA43D9 /* LaunchScreen.storyboard */; };
		BDDFC14E1E80509C00BA43D9 /* Answer.swift in Sources */ = {isa = PBXBuildFile; fileRef = BDDFC14D1E80509C00BA43D9 /* Answer.swift */; };
		BDF101211E8594F000499EF4 /* Keys.swift in Sources */ = {isa = PBXBuildFile; fileRef = BDF101201E8594F000499EF4 /* Keys.swift */; };
		BDF101231E85D07F00499EF4 /* Question.swift in Sources */ = {isa = PBXBuildFile; fileRef = BDF101221E85D07F00499EF4 /* Question.swift */; };
		BDF532BE1E8E02F900291D04 /* Pager.swift in Sources */ = {isa = PBXBuildFile; fileRef = BDF532BD1E8E02F900291D04 /* Pager.swift */; };
		BDFB65EF1E88939700A676C3 /* AnswerViewController.swift in Sources */ = {isa = PBXBuildFile; fileRef = BDFB65EE1E88939700A676C3 /* AnswerViewController.swift */; };
		BDFB65F11E88A2BC00A676C3 /* Protocols.swift in Sources */ = {isa = PBXBuildFile; fileRef = BDFB65F01E88A2BC00A676C3 /* Protocols.swift */; };
		BDFB65F41E8980B900A676C3 /* AnswerCell.xib in Resources */ = {isa = PBXBuildFile; fileRef = BDFB65F31E8980B900A676C3 /* AnswerCell.xib */; };
		BDFB65F71E8B61E000A676C3 /* NetworkingTest.swift in Sources */ = {isa = PBXBuildFile; fileRef = BDFB65F61E8B61E000A676C3 /* NetworkingTest.swift */; };
		CE60A30B664070B2E3AA3502 /* Pods_whale_ios_nabil.framework in Frameworks */ = {isa = PBXBuildFile; fileRef = DF32EEC63A8AB54285229760 /* Pods_whale_ios_nabil.framework */; };
/* End PBXBuildFile section */

/* Begin PBXContainerItemProxy section */
		BD5650B61E8B65B400989D35 /* PBXContainerItemProxy */ = {
			isa = PBXContainerItemProxy;
			containerPortal = BDDFC12A1E8047A000BA43D9 /* Project object */;
			proxyType = 1;
			remoteGlobalIDString = BDDFC1311E8047A000BA43D9;
			remoteInfo = whale_ios_nabil;
		};
/* End PBXContainerItemProxy section */

/* Begin PBXFileReference section */
		1510373776339B2E99B809A0 /* Pods-whale_ios_nabilTests.release.xcconfig */ = {isa = PBXFileReference; includeInIndex = 1; lastKnownFileType = text.xcconfig; name = "Pods-whale_ios_nabilTests.release.xcconfig"; path = "Pods/Target Support Files/Pods-whale_ios_nabilTests/Pods-whale_ios_nabilTests.release.xcconfig"; sourceTree = "<group>"; };
		3EFECD342ABD395AFF6B0ECB /* Pods-whale_ios_nabilTests.debug.xcconfig */ = {isa = PBXFileReference; includeInIndex = 1; lastKnownFileType = text.xcconfig; name = "Pods-whale_ios_nabilTests.debug.xcconfig"; path = "Pods/Target Support Files/Pods-whale_ios_nabilTests/Pods-whale_ios_nabilTests.debug.xcconfig"; sourceTree = "<group>"; };
		6447ADFCAA38CDC4DA6A06E5 /* Pods-whale_ios_nabil.debug.xcconfig */ = {isa = PBXFileReference; includeInIndex = 1; lastKnownFileType = text.xcconfig; name = "Pods-whale_ios_nabil.debug.xcconfig"; path = "Pods/Target Support Files/Pods-whale_ios_nabil/Pods-whale_ios_nabil.debug.xcconfig"; sourceTree = "<group>"; };
		7732C81C8FFADF510C7CF469 /* Pods-whale_ios_nabil.release.xcconfig */ = {isa = PBXFileReference; includeInIndex = 1; lastKnownFileType = text.xcconfig; name = "Pods-whale_ios_nabil.release.xcconfig"; path = "Pods/Target Support Files/Pods-whale_ios_nabil/Pods-whale_ios_nabil.release.xcconfig"; sourceTree = "<group>"; };
		886220890DEF88DFC91329A4 /* Pods_whale_ios_nabilTests.framework */ = {isa = PBXFileReference; explicitFileType = wrapper.framework; includeInIndex = 0; path = Pods_whale_ios_nabilTests.framework; sourceTree = BUILT_PRODUCTS_DIR; };
		BD19D2C51E9AB632008B2AE8 /* VideoController.swift */ = {isa = PBXFileReference; fileEncoding = 4; lastKnownFileType = sourcecode.swift; path = VideoController.swift; sourceTree = "<group>"; };
		BD19D2CD1E9AE070008B2AE8 /* CommentView.swift */ = {isa = PBXFileReference; fileEncoding = 4; lastKnownFileType = sourcecode.swift; path = CommentView.swift; sourceTree = "<group>"; };
		BD19D2CF1E9AE4C8008B2AE8 /* CommentCell.xib */ = {isa = PBXFileReference; fileEncoding = 4; lastKnownFileType = file.xib; path = CommentCell.xib; sourceTree = "<group>"; };
		BD19D2D11E9AE656008B2AE8 /* CommentCell.swift */ = {isa = PBXFileReference; fileEncoding = 4; lastKnownFileType = sourcecode.swift; path = CommentCell.swift; sourceTree = "<group>"; };
		BD19D2D31E9AE983008B2AE8 /* CommentCollectionController.swift */ = {isa = PBXFileReference; fileEncoding = 4; lastKnownFileType = sourcecode.swift; path = CommentCollectionController.swift; sourceTree = "<group>"; };
		BD19D2D51E9E93FE008B2AE8 /* QuestionCollectionController.swift */ = {isa = PBXFileReference; fileEncoding = 4; lastKnownFileType = sourcecode.swift; path = QuestionCollectionController.swift; sourceTree = "<group>"; };
		BD19D2D71E9E956E008B2AE8 /* QuestionCell.swift */ = {isa = PBXFileReference; fileEncoding = 4; lastKnownFileType = sourcecode.swift; path = QuestionCell.swift; sourceTree = "<group>"; };
		BD19D2D91E9E9978008B2AE8 /* QuestionCell.xib */ = {isa = PBXFileReference; fileEncoding = 4; lastKnownFileType = file.xib; path = QuestionCell.xib; sourceTree = "<group>"; };
		BD454C9C1E97FD8C008CF14C /* Comment.swift */ = {isa = PBXFileReference; fileEncoding = 4; lastKnownFileType = sourcecode.swift; path = Comment.swift; sourceTree = "<group>"; };
		BD5650B11E8B65B400989D35 /* whale_ios_nabilTests.xctest */ = {isa = PBXFileReference; explicitFileType = wrapper.cfbundle; includeInIndex = 0; path = whale_ios_nabilTests.xctest; sourceTree = BUILT_PRODUCTS_DIR; };
		BD5650B31E8B65B400989D35 /* whale_ios_nabilTests.swift */ = {isa = PBXFileReference; lastKnownFileType = sourcecode.swift; path = whale_ios_nabilTests.swift; sourceTree = "<group>"; };
		BD5650B51E8B65B400989D35 /* Info.plist */ = {isa = PBXFileReference; lastKnownFileType = text.plist.xml; path = Info.plist; sourceTree = "<group>"; };
		BD5650C01E8C1E0A00989D35 /* SignUpController.swift */ = {isa = PBXFileReference; fileEncoding = 4; lastKnownFileType = sourcecode.swift; path = SignUpController.swift; sourceTree = "<group>"; };
		BD5650C51E8D880D00989D35 /* AnswerCell.swift */ = {isa = PBXFileReference; fileEncoding = 4; lastKnownFileType = sourcecode.swift; path = AnswerCell.swift; sourceTree = "<group>"; };
		BD588FF31E82EAE800575B32 /* Constants.swift */ = {isa = PBXFileReference; fileEncoding = 4; lastKnownFileType = sourcecode.swift; path = Constants.swift; sourceTree = "<group>"; };
		BD588FF51E82F77D00575B32 /* Service.swift */ = {isa = PBXFileReference; fileEncoding = 4; lastKnownFileType = sourcecode.swift; path = Service.swift; sourceTree = "<group>"; };
		BD588FF71E83773000575B32 /* User.swift */ = {isa = PBXFileReference; fileEncoding = 4; lastKnownFileType = sourcecode.swift; path = User.swift; sourceTree = "<group>"; };
		BD8C36531E82E1AF00A8235C /* Networking.swift */ = {isa = PBXFileReference; fileEncoding = 4; lastKnownFileType = sourcecode.swift; path = Networking.swift; sourceTree = "<group>"; };
		BDCB16C01E92C945006EA7C7 /* VideoView.swift */ = {isa = PBXFileReference; fileEncoding = 4; lastKnownFileType = sourcecode.swift; path = VideoView.swift; sourceTree = "<group>"; };
		BDDFC1321E8047A000BA43D9 /* whale_ios_nabil.app */ = {isa = PBXFileReference; explicitFileType = wrapper.application; includeInIndex = 0; path = whale_ios_nabil.app; sourceTree = BUILT_PRODUCTS_DIR; };
		BDDFC1351E8047A000BA43D9 /* AppDelegate.swift */ = {isa = PBXFileReference; lastKnownFileType = sourcecode.swift; path = AppDelegate.swift; sourceTree = "<group>"; };
		BDDFC1371E8047A000BA43D9 /* LoginController.swift */ = {isa = PBXFileReference; lastKnownFileType = sourcecode.swift; path = LoginController.swift; sourceTree = "<group>"; };
		BDDFC13A1E8047A000BA43D9 /* Base */ = {isa = PBXFileReference; lastKnownFileType = file.storyboard; name = Base; path = Base.lproj/Main.storyboard; sourceTree = "<group>"; };
		BDDFC13C1E8047A000BA43D9 /* Assets.xcassets */ = {isa = PBXFileReference; lastKnownFileType = folder.assetcatalog; path = Assets.xcassets; sourceTree = "<group>"; };
		BDDFC13F1E8047A000BA43D9 /* Base */ = {isa = PBXFileReference; lastKnownFileType = file.storyboard; name = Base; path = Base.lproj/LaunchScreen.storyboard; sourceTree = "<group>"; };
		BDDFC1411E8047A000BA43D9 /* Info.plist */ = {isa = PBXFileReference; lastKnownFileType = text.plist.xml; path = Info.plist; sourceTree = "<group>"; };
		BDDFC14D1E80509C00BA43D9 /* Answer.swift */ = {isa = PBXFileReference; fileEncoding = 4; lastKnownFileType = sourcecode.swift; path = Answer.swift; sourceTree = "<group>"; };
		BDF101201E8594F000499EF4 /* Keys.swift */ = {isa = PBXFileReference; fileEncoding = 4; lastKnownFileType = sourcecode.swift; path = Keys.swift; sourceTree = "<group>"; };
		BDF101221E85D07F00499EF4 /* Question.swift */ = {isa = PBXFileReference; fileEncoding = 4; lastKnownFileType = sourcecode.swift; path = Question.swift; sourceTree = "<group>"; };
		BDF532BD1E8E02F900291D04 /* Pager.swift */ = {isa = PBXFileReference; fileEncoding = 4; lastKnownFileType = sourcecode.swift; path = Pager.swift; sourceTree = "<group>"; };
		BDFB65EE1E88939700A676C3 /* AnswerViewController.swift */ = {isa = PBXFileReference; fileEncoding = 4; lastKnownFileType = sourcecode.swift; path = AnswerViewController.swift; sourceTree = "<group>"; };
		BDFB65F01E88A2BC00A676C3 /* Protocols.swift */ = {isa = PBXFileReference; fileEncoding = 4; lastKnownFileType = sourcecode.swift; path = Protocols.swift; sourceTree = "<group>"; };
		BDFB65F31E8980B900A676C3 /* AnswerCell.xib */ = {isa = PBXFileReference; fileEncoding = 4; lastKnownFileType = file.xib; path = AnswerCell.xib; sourceTree = "<group>"; };
		BDFB65F61E8B61E000A676C3 /* NetworkingTest.swift */ = {isa = PBXFileReference; fileEncoding = 4; lastKnownFileType = sourcecode.swift; name = NetworkingTest.swift; path = ../whale_ios_nabil/NetworkingTest.swift; sourceTree = "<group>"; };
		DF32EEC63A8AB54285229760 /* Pods_whale_ios_nabil.framework */ = {isa = PBXFileReference; explicitFileType = wrapper.framework; includeInIndex = 0; path = Pods_whale_ios_nabil.framework; sourceTree = BUILT_PRODUCTS_DIR; };
/* End PBXFileReference section */

/* Begin PBXFrameworksBuildPhase section */
		BD5650AE1E8B65B400989D35 /* Frameworks */ = {
			isa = PBXFrameworksBuildPhase;
			buildActionMask = 2147483647;
			files = (
				509AE7C665C3E0695941C410 /* Pods_whale_ios_nabilTests.framework in Frameworks */,
			);
			runOnlyForDeploymentPostprocessing = 0;
		};
		BDDFC12F1E8047A000BA43D9 /* Frameworks */ = {
			isa = PBXFrameworksBuildPhase;
			buildActionMask = 2147483647;
			files = (
				CE60A30B664070B2E3AA3502 /* Pods_whale_ios_nabil.framework in Frameworks */,
			);
			runOnlyForDeploymentPostprocessing = 0;
		};
/* End PBXFrameworksBuildPhase section */

/* Begin PBXGroup section */
		132F1F179FE43DB6AE067F6D /* Frameworks */ = {
			isa = PBXGroup;
			children = (
				DF32EEC63A8AB54285229760 /* Pods_whale_ios_nabil.framework */,
				886220890DEF88DFC91329A4 /* Pods_whale_ios_nabilTests.framework */,
			);
			name = Frameworks;
			sourceTree = "<group>";
		};
		BD5650B21E8B65B400989D35 /* whale_ios_nabilTests */ = {
			isa = PBXGroup;
			children = (
				BDFB65F61E8B61E000A676C3 /* NetworkingTest.swift */,
				BD5650B31E8B65B400989D35 /* whale_ios_nabilTests.swift */,
				BD5650B51E8B65B400989D35 /* Info.plist */,
			);
			path = whale_ios_nabilTests;
			sourceTree = "<group>";
		};
		BDDFC1291E8047A000BA43D9 = {
			isa = PBXGroup;
			children = (
				BDDFC1341E8047A000BA43D9 /* whale_ios_nabil */,
				BD5650B21E8B65B400989D35 /* whale_ios_nabilTests */,
				BDDFC1331E8047A000BA43D9 /* Products */,
				E851056D1A06AE91D1FAA476 /* Pods */,
				132F1F179FE43DB6AE067F6D /* Frameworks */,
			);
			sourceTree = "<group>";
		};
		BDDFC1331E8047A000BA43D9 /* Products */ = {
			isa = PBXGroup;
			children = (
				BDDFC1321E8047A000BA43D9 /* whale_ios_nabil.app */,
				BD5650B11E8B65B400989D35 /* whale_ios_nabilTests.xctest */,
			);
			name = Products;
			sourceTree = "<group>";
		};
		BDDFC1341E8047A000BA43D9 /* whale_ios_nabil */ = {
			isa = PBXGroup;
			children = (
				BDDFC1351E8047A000BA43D9 /* AppDelegate.swift */,
				BDF101201E8594F000499EF4 /* Keys.swift */,
				BDDFC1371E8047A000BA43D9 /* LoginController.swift */,
				BDFB65F01E88A2BC00A676C3 /* Protocols.swift */,
				BD5650C01E8C1E0A00989D35 /* SignUpController.swift */,
				BDF532BD1E8E02F900291D04 /* Pager.swift */,
				BD19D2CD1E9AE070008B2AE8 /* CommentView.swift */,
				BD19D2C51E9AB632008B2AE8 /* VideoController.swift */,
				BD19D2D31E9AE983008B2AE8 /* CommentCollectionController.swift */,
				BD19D2D51E9E93FE008B2AE8 /* QuestionCollectionController.swift */,
				BDFB65F21E88A33A00A676C3 /* Models */,
				BDDFC1471E804EB400BA43D9 /* Extensions */,
				BDDFC1481E804EDA00BA43D9 /* UI */,
				BDFB65F51E8B61BC00A676C3 /* Tests */,
				BDDFC14C1E80504F00BA43D9 /* Networking */,
				BDDFC1391E8047A000BA43D9 /* Main.storyboard */,
				BDDFC13C1E8047A000BA43D9 /* Assets.xcassets */,
				BDDFC13E1E8047A000BA43D9 /* LaunchScreen.storyboard */,
				BDDFC1411E8047A000BA43D9 /* Info.plist */,
			);
			path = whale_ios_nabil;
			sourceTree = "<group>";
		};
		BDDFC1471E804EB400BA43D9 /* Extensions */ = {
			isa = PBXGroup;
			children = (
			);
			name = Extensions;
			sourceTree = "<group>";
		};
		BDDFC1481E804EDA00BA43D9 /* UI */ = {
			isa = PBXGroup;
			children = (
				BDDFC1491E804EE700BA43D9 /* Cell */,
				BDDFC14A1E804EF500BA43D9 /* Storyboards */,
				BDDFC14B1E804F0E00BA43D9 /* Scenes */,
			);
			name = UI;
			sourceTree = "<group>";
		};
		BDDFC1491E804EE700BA43D9 /* Cell */ = {
			isa = PBXGroup;
			children = (
				BD5650C51E8D880D00989D35 /* AnswerCell.swift */,
				BD19D2D11E9AE656008B2AE8 /* CommentCell.swift */,
				BD19D2D71E9E956E008B2AE8 /* QuestionCell.swift */,
			);
			name = Cell;
			sourceTree = "<group>";
		};
		BDDFC14A1E804EF500BA43D9 /* Storyboards */ = {
			isa = PBXGroup;
			children = (
			);
			name = Storyboards;
			sourceTree = "<group>";
		};
		BDDFC14B1E804F0E00BA43D9 /* Scenes */ = {
			isa = PBXGroup;
			children = (
				BDCB16C01E92C945006EA7C7 /* VideoView.swift */,
				BDFB65EE1E88939700A676C3 /* AnswerViewController.swift */,
				BD19D2CF1E9AE4C8008B2AE8 /* CommentCell.xib */,
				BD19D2D91E9E9978008B2AE8 /* QuestionCell.xib */,
				BDFB65F31E8980B900A676C3 /* AnswerCell.xib */,
			);
			name = Scenes;
			sourceTree = "<group>";
		};
		BDDFC14C1E80504F00BA43D9 /* Networking */ = {
			isa = PBXGroup;
			children = (
				BD8C36531E82E1AF00A8235C /* Networking.swift */,
				BD588FF51E82F77D00575B32 /* Service.swift */,
				BD588FF31E82EAE800575B32 /* Constants.swift */,
			);
			name = Networking;
			sourceTree = "<group>";
		};
		BDFB65F21E88A33A00A676C3 /* Models */ = {
			isa = PBXGroup;
			children = (
				BD588FF71E83773000575B32 /* User.swift */,
				BDF101221E85D07F00499EF4 /* Question.swift */,
				BD454C9C1E97FD8C008CF14C /* Comment.swift */,
				BDDFC14D1E80509C00BA43D9 /* Answer.swift */,
			);
			name = Models;
			sourceTree = "<group>";
		};
		BDFB65F51E8B61BC00A676C3 /* Tests */ = {
			isa = PBXGroup;
			children = (
			);
			name = Tests;
			sourceTree = "<group>";
		};
		E851056D1A06AE91D1FAA476 /* Pods */ = {
			isa = PBXGroup;
			children = (
				6447ADFCAA38CDC4DA6A06E5 /* Pods-whale_ios_nabil.debug.xcconfig */,
				7732C81C8FFADF510C7CF469 /* Pods-whale_ios_nabil.release.xcconfig */,
				3EFECD342ABD395AFF6B0ECB /* Pods-whale_ios_nabilTests.debug.xcconfig */,
				1510373776339B2E99B809A0 /* Pods-whale_ios_nabilTests.release.xcconfig */,
			);
			name = Pods;
			sourceTree = "<group>";
		};
/* End PBXGroup section */

/* Begin PBXNativeTarget section */
		BD5650B01E8B65B400989D35 /* whale_ios_nabilTests */ = {
			isa = PBXNativeTarget;
			buildConfigurationList = BD5650BA1E8B65B500989D35 /* Build configuration list for PBXNativeTarget "whale_ios_nabilTests" */;
			buildPhases = (
				E716D5AF62D53BE4C89F2AA5 /* [CP] Check Pods Manifest.lock */,
				BD5650AD1E8B65B400989D35 /* Sources */,
				BD5650AE1E8B65B400989D35 /* Frameworks */,
				BD5650AF1E8B65B400989D35 /* Resources */,
				CB5947C8A46F8D08A1375031 /* [CP] Embed Pods Frameworks */,
				B3262CAE8AF812A1E1C57482 /* [CP] Copy Pods Resources */,
			);
			buildRules = (
			);
			dependencies = (
				BD5650B71E8B65B400989D35 /* PBXTargetDependency */,
			);
			name = whale_ios_nabilTests;
			productName = whale_ios_nabilTests;
			productReference = BD5650B11E8B65B400989D35 /* whale_ios_nabilTests.xctest */;
			productType = "com.apple.product-type.bundle.unit-test";
		};
		BDDFC1311E8047A000BA43D9 /* whale_ios_nabil */ = {
			isa = PBXNativeTarget;
			buildConfigurationList = BDDFC1441E8047A000BA43D9 /* Build configuration list for PBXNativeTarget "whale_ios_nabil" */;
			buildPhases = (
				8C91B5C2EDEAA7207DEA7497 /* [CP] Check Pods Manifest.lock */,
				BDDFC12E1E8047A000BA43D9 /* Sources */,
				BDDFC12F1E8047A000BA43D9 /* Frameworks */,
				BDDFC1301E8047A000BA43D9 /* Resources */,
				C7B22A021887FB5712901A9E /* [CP] Embed Pods Frameworks */,
				32125A97FCF7DB265951B32A /* [CP] Copy Pods Resources */,
			);
			buildRules = (
			);
			dependencies = (
			);
			name = whale_ios_nabil;
			productName = whale_ios_nabil;
			productReference = BDDFC1321E8047A000BA43D9 /* whale_ios_nabil.app */;
			productType = "com.apple.product-type.application";
		};
/* End PBXNativeTarget section */

/* Begin PBXProject section */
		BDDFC12A1E8047A000BA43D9 /* Project object */ = {
			isa = PBXProject;
			attributes = {
				LastSwiftUpdateCheck = 0820;
				LastUpgradeCheck = 0820;
				ORGANIZATIONNAME = MakeSchool;
				TargetAttributes = {
					BD5650B01E8B65B400989D35 = {
						CreatedOnToolsVersion = 8.2.1;
						DevelopmentTeam = PU7KSX8Z6J;
						ProvisioningStyle = Automatic;
						TestTargetID = BDDFC1311E8047A000BA43D9;
					};
					BDDFC1311E8047A000BA43D9 = {
						CreatedOnToolsVersion = 8.2.1;
						DevelopmentTeam = PU7KSX8Z6J;
						ProvisioningStyle = Automatic;
					};
				};
			};
			buildConfigurationList = BDDFC12D1E8047A000BA43D9 /* Build configuration list for PBXProject "whale_ios_nabil" */;
			compatibilityVersion = "Xcode 3.2";
			developmentRegion = English;
			hasScannedForEncodings = 0;
			knownRegions = (
				en,
				Base,
			);
			mainGroup = BDDFC1291E8047A000BA43D9;
			productRefGroup = BDDFC1331E8047A000BA43D9 /* Products */;
			projectDirPath = "";
			projectRoot = "";
			targets = (
				BDDFC1311E8047A000BA43D9 /* whale_ios_nabil */,
				BD5650B01E8B65B400989D35 /* whale_ios_nabilTests */,
			);
		};
/* End PBXProject section */

/* Begin PBXResourcesBuildPhase section */
		BD5650AF1E8B65B400989D35 /* Resources */ = {
			isa = PBXResourcesBuildPhase;
			buildActionMask = 2147483647;
			files = (
			);
			runOnlyForDeploymentPostprocessing = 0;
		};
		BDDFC1301E8047A000BA43D9 /* Resources */ = {
			isa = PBXResourcesBuildPhase;
			buildActionMask = 2147483647;
			files = (
				BDFB65F41E8980B900A676C3 /* AnswerCell.xib in Resources */,
				BD19D2DA1E9E9978008B2AE8 /* QuestionCell.xib in Resources */,
				BDDFC1401E8047A000BA43D9 /* LaunchScreen.storyboard in Resources */,
				BD19D2D01E9AE4C8008B2AE8 /* CommentCell.xib in Resources */,
				BDDFC13D1E8047A000BA43D9 /* Assets.xcassets in Resources */,
				BDDFC13B1E8047A000BA43D9 /* Main.storyboard in Resources */,
			);
			runOnlyForDeploymentPostprocessing = 0;
		};
/* End PBXResourcesBuildPhase section */

/* Begin PBXShellScriptBuildPhase section */
		32125A97FCF7DB265951B32A /* [CP] Copy Pods Resources */ = {
			isa = PBXShellScriptBuildPhase;
			buildActionMask = 2147483647;
			files = (
			);
			inputPaths = (
			);
			name = "[CP] Copy Pods Resources";
			outputPaths = (
			);
			runOnlyForDeploymentPostprocessing = 0;
			shellPath = /bin/sh;
			shellScript = "\"${SRCROOT}/Pods/Target Support Files/Pods-whale_ios_nabil/Pods-whale_ios_nabil-resources.sh\"\n";
			showEnvVarsInLog = 0;
		};
		8C91B5C2EDEAA7207DEA7497 /* [CP] Check Pods Manifest.lock */ = {
			isa = PBXShellScriptBuildPhase;
			buildActionMask = 2147483647;
			files = (
			);
			inputPaths = (
			);
			name = "[CP] Check Pods Manifest.lock";
			outputPaths = (
			);
			runOnlyForDeploymentPostprocessing = 0;
			shellPath = /bin/sh;
			shellScript = "diff \"${PODS_ROOT}/../Podfile.lock\" \"${PODS_ROOT}/Manifest.lock\" > /dev/null\nif [[ $? != 0 ]] ; then\n    cat << EOM\nerror: The sandbox is not in sync with the Podfile.lock. Run 'pod install' or update your CocoaPods installation.\nEOM\n    exit 1\nfi\n";
			showEnvVarsInLog = 0;
		};
		B3262CAE8AF812A1E1C57482 /* [CP] Copy Pods Resources */ = {
			isa = PBXShellScriptBuildPhase;
			buildActionMask = 2147483647;
			files = (
			);
			inputPaths = (
			);
			name = "[CP] Copy Pods Resources";
			outputPaths = (
			);
			runOnlyForDeploymentPostprocessing = 0;
			shellPath = /bin/sh;
			shellScript = "\"${SRCROOT}/Pods/Target Support Files/Pods-whale_ios_nabilTests/Pods-whale_ios_nabilTests-resources.sh\"\n";
			showEnvVarsInLog = 0;
		};
		C7B22A021887FB5712901A9E /* [CP] Embed Pods Frameworks */ = {
			isa = PBXShellScriptBuildPhase;
			buildActionMask = 2147483647;
			files = (
			);
			inputPaths = (
			);
			name = "[CP] Embed Pods Frameworks";
			outputPaths = (
			);
			runOnlyForDeploymentPostprocessing = 0;
			shellPath = /bin/sh;
			shellScript = "\"${SRCROOT}/Pods/Target Support Files/Pods-whale_ios_nabil/Pods-whale_ios_nabil-frameworks.sh\"\n";
			showEnvVarsInLog = 0;
		};
		CB5947C8A46F8D08A1375031 /* [CP] Embed Pods Frameworks */ = {
			isa = PBXShellScriptBuildPhase;
			buildActionMask = 2147483647;
			files = (
			);
			inputPaths = (
			);
			name = "[CP] Embed Pods Frameworks";
			outputPaths = (
			);
			runOnlyForDeploymentPostprocessing = 0;
			shellPath = /bin/sh;
			shellScript = "\"${SRCROOT}/Pods/Target Support Files/Pods-whale_ios_nabilTests/Pods-whale_ios_nabilTests-frameworks.sh\"\n";
			showEnvVarsInLog = 0;
		};
		E716D5AF62D53BE4C89F2AA5 /* [CP] Check Pods Manifest.lock */ = {
			isa = PBXShellScriptBuildPhase;
			buildActionMask = 2147483647;
			files = (
			);
			inputPaths = (
			);
			name = "[CP] Check Pods Manifest.lock";
			outputPaths = (
			);
			runOnlyForDeploymentPostprocessing = 0;
			shellPath = /bin/sh;
			shellScript = "diff \"${PODS_ROOT}/../Podfile.lock\" \"${PODS_ROOT}/Manifest.lock\" > /dev/null\nif [[ $? != 0 ]] ; then\n    cat << EOM\nerror: The sandbox is not in sync with the Podfile.lock. Run 'pod install' or update your CocoaPods installation.\nEOM\n    exit 1\nfi\n";
			showEnvVarsInLog = 0;
		};
/* End PBXShellScriptBuildPhase section */

/* Begin PBXSourcesBuildPhase section */
		BD5650AD1E8B65B400989D35 /* Sources */ = {
			isa = PBXSourcesBuildPhase;
			buildActionMask = 2147483647;
			files = (
				BD5650BE1E8B8E7F00989D35 /* Question.swift in Sources */,
				BD5650BD1E8B8E7C00989D35 /* User.swift in Sources */,
				BD5650BC1E8B8E7300989D35 /* Networking.swift in Sources */,
				BD5650C41E8C377E00989D35 /* Protocols.swift in Sources */,
				BD5650BF1E8B8E8200989D35 /* Answer.swift in Sources */,
				BD5650C21E8C359F00989D35 /* Keys.swift in Sources */,
				BD5650B41E8B65B400989D35 /* whale_ios_nabilTests.swift in Sources */,
				BD5650BB1E8B8E6600989D35 /* Service.swift in Sources */,
				BD5650C31E8C375700989D35 /* Constants.swift in Sources */,
			);
			runOnlyForDeploymentPostprocessing = 0;
		};
		BDDFC12E1E8047A000BA43D9 /* Sources */ = {
			isa = PBXSourcesBuildPhase;
			buildActionMask = 2147483647;
			files = (
				BD19D2D41E9AE983008B2AE8 /* CommentCollectionController.swift in Sources */,
				BD5650C11E8C1E0A00989D35 /* SignUpController.swift in Sources */,
				BD19D2CE1E9AE070008B2AE8 /* CommentView.swift in Sources */,
				BD19D2C61E9AB632008B2AE8 /* VideoController.swift in Sources */,
				BD588FF41E82EAE800575B32 /* Constants.swift in Sources */,
				BDDFC14E1E80509C00BA43D9 /* Answer.swift in Sources */,
				BDFB65EF1E88939700A676C3 /* AnswerViewController.swift in Sources */,
				BDDFC1381E8047A000BA43D9 /* LoginController.swift in Sources */,
				BD454C9D1E97FD8C008CF14C /* Comment.swift in Sources */,
				BDF101231E85D07F00499EF4 /* Question.swift in Sources */,
				BDF532BE1E8E02F900291D04 /* Pager.swift in Sources */,
				BDDFC1361E8047A000BA43D9 /* AppDelegate.swift in Sources */,
				BDFB65F11E88A2BC00A676C3 /* Protocols.swift in Sources */,
				BDFB65F71E8B61E000A676C3 /* NetworkingTest.swift in Sources */,
				BD8C36541E82E1AF00A8235C /* Networking.swift in Sources */,
				BD588FF61E82F77D00575B32 /* Service.swift in Sources */,
				BD19D2D21E9AE656008B2AE8 /* CommentCell.swift in Sources */,
				BDCB16C11E92C945006EA7C7 /* VideoView.swift in Sources */,
				BD5650C61E8D880D00989D35 /* AnswerCell.swift in Sources */,
				BDF101211E8594F000499EF4 /* Keys.swift in Sources */,
				BD588FF81E83773000575B32 /* User.swift in Sources */,
				BD19D2D81E9E956E008B2AE8 /* QuestionCell.swift in Sources */,
				BD19D2D61E9E93FE008B2AE8 /* QuestionCollectionController.swift in Sources */,
			);
			runOnlyForDeploymentPostprocessing = 0;
		};
/* End PBXSourcesBuildPhase section */

/* Begin PBXTargetDependency section */
		BD5650B71E8B65B400989D35 /* PBXTargetDependency */ = {
			isa = PBXTargetDependency;
			target = BDDFC1311E8047A000BA43D9 /* whale_ios_nabil */;
			targetProxy = BD5650B61E8B65B400989D35 /* PBXContainerItemProxy */;
		};
/* End PBXTargetDependency section */

/* Begin PBXVariantGroup section */
		BDDFC1391E8047A000BA43D9 /* Main.storyboard */ = {
			isa = PBXVariantGroup;
			children = (
				BDDFC13A1E8047A000BA43D9 /* Base */,
			);
			name = Main.storyboard;
			sourceTree = "<group>";
		};
		BDDFC13E1E8047A000BA43D9 /* LaunchScreen.storyboard */ = {
			isa = PBXVariantGroup;
			children = (
				BDDFC13F1E8047A000BA43D9 /* Base */,
			);
			name = LaunchScreen.storyboard;
			sourceTree = "<group>";
		};
/* End PBXVariantGroup section */

/* Begin XCBuildConfiguration section */
		BD5650B81E8B65B400989D35 /* Debug */ = {
			isa = XCBuildConfiguration;
			baseConfigurationReference = 3EFECD342ABD395AFF6B0ECB /* Pods-whale_ios_nabilTests.debug.xcconfig */;
			buildSettings = {
				BUNDLE_LOADER = "$(TEST_HOST)";
				DEVELOPMENT_TEAM = PU7KSX8Z6J;
				INFOPLIST_FILE = whale_ios_nabilTests/Info.plist;
				LD_RUNPATH_SEARCH_PATHS = "$(inherited) @executable_path/Frameworks @loader_path/Frameworks";
				PRODUCT_BUNDLE_IDENTIFIER = "com.Makeschool.whale-ios-nabilTests";
				PRODUCT_NAME = "$(TARGET_NAME)";
				SWIFT_VERSION = 3.0;
				TEST_HOST = "$(BUILT_PRODUCTS_DIR)/whale_ios_nabil.app/whale_ios_nabil";
			};
			name = Debug;
		};
		BD5650B91E8B65B400989D35 /* Release */ = {
			isa = XCBuildConfiguration;
			baseConfigurationReference = 1510373776339B2E99B809A0 /* Pods-whale_ios_nabilTests.release.xcconfig */;
			buildSettings = {
				BUNDLE_LOADER = "$(TEST_HOST)";
				DEVELOPMENT_TEAM = PU7KSX8Z6J;
				INFOPLIST_FILE = whale_ios_nabilTests/Info.plist;
				LD_RUNPATH_SEARCH_PATHS = "$(inherited) @executable_path/Frameworks @loader_path/Frameworks";
				PRODUCT_BUNDLE_IDENTIFIER = "com.Makeschool.whale-ios-nabilTests";
				PRODUCT_NAME = "$(TARGET_NAME)";
				SWIFT_VERSION = 3.0;
				TEST_HOST = "$(BUILT_PRODUCTS_DIR)/whale_ios_nabil.app/whale_ios_nabil";
			};
			name = Release;
		};
		BDDFC1421E8047A000BA43D9 /* Debug */ = {
			isa = XCBuildConfiguration;
			buildSettings = {
				ALWAYS_SEARCH_USER_PATHS = NO;
				CLANG_ANALYZER_NONNULL = YES;
				CLANG_CXX_LANGUAGE_STANDARD = "gnu++0x";
				CLANG_CXX_LIBRARY = "libc++";
				CLANG_ENABLE_MODULES = YES;
				CLANG_ENABLE_OBJC_ARC = YES;
				CLANG_WARN_BOOL_CONVERSION = YES;
				CLANG_WARN_CONSTANT_CONVERSION = YES;
				CLANG_WARN_DIRECT_OBJC_ISA_USAGE = YES_ERROR;
				CLANG_WARN_DOCUMENTATION_COMMENTS = YES;
				CLANG_WARN_EMPTY_BODY = YES;
				CLANG_WARN_ENUM_CONVERSION = YES;
				CLANG_WARN_INFINITE_RECURSION = YES;
				CLANG_WARN_INT_CONVERSION = YES;
				CLANG_WARN_OBJC_ROOT_CLASS = YES_ERROR;
				CLANG_WARN_SUSPICIOUS_MOVE = YES;
				CLANG_WARN_UNREACHABLE_CODE = YES;
				CLANG_WARN__DUPLICATE_METHOD_MATCH = YES;
				"CODE_SIGN_IDENTITY[sdk=iphoneos*]" = "iPhone Developer";
				COPY_PHASE_STRIP = NO;
				DEBUG_INFORMATION_FORMAT = dwarf;
				ENABLE_STRICT_OBJC_MSGSEND = YES;
				ENABLE_TESTABILITY = YES;
				GCC_C_LANGUAGE_STANDARD = gnu99;
				GCC_DYNAMIC_NO_PIC = NO;
				GCC_NO_COMMON_BLOCKS = YES;
				GCC_OPTIMIZATION_LEVEL = 0;
				GCC_PREPROCESSOR_DEFINITIONS = (
					"DEBUG=1",
					"$(inherited)",
				);
				GCC_WARN_64_TO_32_BIT_CONVERSION = YES;
				GCC_WARN_ABOUT_RETURN_TYPE = YES_ERROR;
				GCC_WARN_UNDECLARED_SELECTOR = YES;
				GCC_WARN_UNINITIALIZED_AUTOS = YES_AGGRESSIVE;
				GCC_WARN_UNUSED_FUNCTION = YES;
				GCC_WARN_UNUSED_VARIABLE = YES;
				IPHONEOS_DEPLOYMENT_TARGET = 10.2;
				MTL_ENABLE_DEBUG_INFO = YES;
				ONLY_ACTIVE_ARCH = YES;
				SDKROOT = iphoneos;
				SWIFT_ACTIVE_COMPILATION_CONDITIONS = DEBUG;
				SWIFT_OPTIMIZATION_LEVEL = "-Onone";
				TARGETED_DEVICE_FAMILY = "1,2";
			};
			name = Debug;
		};
		BDDFC1431E8047A000BA43D9 /* Release */ = {
			isa = XCBuildConfiguration;
			buildSettings = {
				ALWAYS_SEARCH_USER_PATHS = NO;
				CLANG_ANALYZER_NONNULL = YES;
				CLANG_CXX_LANGUAGE_STANDARD = "gnu++0x";
				CLANG_CXX_LIBRARY = "libc++";
				CLANG_ENABLE_MODULES = YES;
				CLANG_ENABLE_OBJC_ARC = YES;
				CLANG_WARN_BOOL_CONVERSION = YES;
				CLANG_WARN_CONSTANT_CONVERSION = YES;
				CLANG_WARN_DIRECT_OBJC_ISA_USAGE = YES_ERROR;
				CLANG_WARN_DOCUMENTATION_COMMENTS = YES;
				CLANG_WARN_EMPTY_BODY = YES;
				CLANG_WARN_ENUM_CONVERSION = YES;
				CLANG_WARN_INFINITE_RECURSION = YES;
				CLANG_WARN_INT_CONVERSION = YES;
				CLANG_WARN_OBJC_ROOT_CLASS = YES_ERROR;
				CLANG_WARN_SUSPICIOUS_MOVE = YES;
				CLANG_WARN_UNREACHABLE_CODE = YES;
				CLANG_WARN__DUPLICATE_METHOD_MATCH = YES;
				"CODE_SIGN_IDENTITY[sdk=iphoneos*]" = "iPhone Developer";
				COPY_PHASE_STRIP = NO;
				DEBUG_INFORMATION_FORMAT = "dwarf-with-dsym";
				ENABLE_NS_ASSERTIONS = NO;
				ENABLE_STRICT_OBJC_MSGSEND = YES;
				GCC_C_LANGUAGE_STANDARD = gnu99;
				GCC_NO_COMMON_BLOCKS = YES;
				GCC_WARN_64_TO_32_BIT_CONVERSION = YES;
				GCC_WARN_ABOUT_RETURN_TYPE = YES_ERROR;
				GCC_WARN_UNDECLARED_SELECTOR = YES;
				GCC_WARN_UNINITIALIZED_AUTOS = YES_AGGRESSIVE;
				GCC_WARN_UNUSED_FUNCTION = YES;
				GCC_WARN_UNUSED_VARIABLE = YES;
				IPHONEOS_DEPLOYMENT_TARGET = 10.2;
				MTL_ENABLE_DEBUG_INFO = NO;
				SDKROOT = iphoneos;
				SWIFT_OPTIMIZATION_LEVEL = "-Owholemodule";
				TARGETED_DEVICE_FAMILY = "1,2";
				VALIDATE_PRODUCT = YES;
			};
			name = Release;
		};
		BDDFC1451E8047A000BA43D9 /* Debug */ = {
			isa = XCBuildConfiguration;
			baseConfigurationReference = 6447ADFCAA38CDC4DA6A06E5 /* Pods-whale_ios_nabil.debug.xcconfig */;
			buildSettings = {
				ASSETCATALOG_COMPILER_APPICON_NAME = AppIcon;
				DEVELOPMENT_TEAM = PU7KSX8Z6J;
				INFOPLIST_FILE = whale_ios_nabil/Info.plist;
				LD_RUNPATH_SEARCH_PATHS = "$(inherited) @executable_path/Frameworks";
				PRODUCT_BUNDLE_IDENTIFIER = "com.Makeschool.whale-ios-nabil";
				PRODUCT_NAME = "$(TARGET_NAME)";
				SWIFT_VERSION = 3.0;
			};
			name = Debug;
		};
		BDDFC1461E8047A000BA43D9 /* Release */ = {
			isa = XCBuildConfiguration;
			baseConfigurationReference = 7732C81C8FFADF510C7CF469 /* Pods-whale_ios_nabil.release.xcconfig */;
			buildSettings = {
				ASSETCATALOG_COMPILER_APPICON_NAME = AppIcon;
				DEVELOPMENT_TEAM = PU7KSX8Z6J;
				INFOPLIST_FILE = whale_ios_nabil/Info.plist;
				LD_RUNPATH_SEARCH_PATHS = "$(inherited) @executable_path/Frameworks";
				PRODUCT_BUNDLE_IDENTIFIER = "com.Makeschool.whale-ios-nabil";
				PRODUCT_NAME = "$(TARGET_NAME)";
				SWIFT_VERSION = 3.0;
			};
			name = Release;
		};
/* End XCBuildConfiguration section */

/* Begin XCConfigurationList section */
		BD5650BA1E8B65B500989D35 /* Build configuration list for PBXNativeTarget "whale_ios_nabilTests" */ = {
			isa = XCConfigurationList;
			buildConfigurations = (
				BD5650B81E8B65B400989D35 /* Debug */,
				BD5650B91E8B65B400989D35 /* Release */,
			);
			defaultConfigurationIsVisible = 0;
			defaultConfigurationName = Release;
		};
		BDDFC12D1E8047A000BA43D9 /* Build configuration list for PBXProject "whale_ios_nabil" */ = {
			isa = XCConfigurationList;
			buildConfigurations = (
				BDDFC1421E8047A000BA43D9 /* Debug */,
				BDDFC1431E8047A000BA43D9 /* Release */,
			);
			defaultConfigurationIsVisible = 0;
			defaultConfigurationName = Release;
		};
		BDDFC1441E8047A000BA43D9 /* Build configuration list for PBXNativeTarget "whale_ios_nabil" */ = {
			isa = XCConfigurationList;
			buildConfigurations = (
				BDDFC1451E8047A000BA43D9 /* Debug */,
				BDDFC1461E8047A000BA43D9 /* Release */,
			);
			defaultConfigurationIsVisible = 0;
			defaultConfigurationName = Release;
		};
/* End XCConfigurationList section */
	};
	rootObject = BDDFC12A1E8047A000BA43D9 /* Project object */;
}
